// !$*UTF8*$!
{
	archiveVersion = 1;
	classes = {
	};
	objectVersion = 50;
	objects = {

/* Begin PBXBuildFile section */
		0873D604253F943500087746 /* rv32i.cpp in Sources */ = {isa = PBXBuildFile; fileRef = 0873D602253F943500087746 /* rv32i.cpp */; };
		0889F1F32523F29A002BD229 /* main.cpp in Sources */ = {isa = PBXBuildFile; fileRef = 0889F1F22523F29A002BD229 /* main.cpp */; };
		0889F1FB2523F4F5002BD229 /* hex.cpp in Sources */ = {isa = PBXBuildFile; fileRef = 0889F1FA2523F4F5002BD229 /* hex.cpp */; };
		0889F1FE2523F513002BD229 /* memory.cpp in Sources */ = {isa = PBXBuildFile; fileRef = 0889F1FC2523F513002BD229 /* memory.cpp */; };
		08A38A8B25566C1400C941EE /* registerfile.cpp in Sources */ = {isa = PBXBuildFile; fileRef = 08A38A8925566C1400C941EE /* registerfile.cpp */; };
/* End PBXBuildFile section */

/* Begin PBXCopyFilesBuildPhase section */
		0889F1ED2523F29A002BD229 /* CopyFiles */ = {
			isa = PBXCopyFilesBuildPhase;
			buildActionMask = 2147483647;
			dstPath = /usr/share/man/man1/;
			dstSubfolderSpec = 0;
			files = (
			);
			runOnlyForDeploymentPostprocessing = 1;
		};
/* End PBXCopyFilesBuildPhase section */

/* Begin PBXFileReference section */
		0873D602253F943500087746 /* rv32i.cpp */ = {isa = PBXFileReference; lastKnownFileType = sourcecode.cpp.cpp; path = rv32i.cpp; sourceTree = "<group>"; };
		0873D603253F943500087746 /* rv32i.h */ = {isa = PBXFileReference; lastKnownFileType = sourcecode.c.h; path = rv32i.h; sourceTree = "<group>"; };
		0889F1EF2523F29A002BD229 /* CSCI 463 Assignment 3 */ = {isa = PBXFileReference; explicitFileType = "compiled.mach-o.executable"; includeInIndex = 0; path = "CSCI 463 Assignment 3"; sourceTree = BUILT_PRODUCTS_DIR; };
		0889F1F22523F29A002BD229 /* main.cpp */ = {isa = PBXFileReference; lastKnownFileType = sourcecode.cpp.cpp; path = main.cpp; sourceTree = "<group>"; };
		0889F1F92523F472002BD229 /* hex.h */ = {isa = PBXFileReference; lastKnownFileType = sourcecode.c.h; path = hex.h; sourceTree = "<group>"; };
		0889F1FA2523F4F5002BD229 /* hex.cpp */ = {isa = PBXFileReference; lastKnownFileType = sourcecode.cpp.cpp; path = hex.cpp; sourceTree = "<group>"; };
		0889F1FC2523F513002BD229 /* memory.cpp */ = {isa = PBXFileReference; lastKnownFileType = sourcecode.cpp.cpp; path = memory.cpp; sourceTree = "<group>"; };
		0889F1FD2523F513002BD229 /* memory.h */ = {isa = PBXFileReference; lastKnownFileType = sourcecode.c.h; path = memory.h; sourceTree = "<group>"; };
		08A38A8925566C1400C941EE /* registerfile.cpp */ = {isa = PBXFileReference; lastKnownFileType = sourcecode.cpp.cpp; path = registerfile.cpp; sourceTree = "<group>"; };
		08A38A8A25566C1400C941EE /* registerfile.h */ = {isa = PBXFileReference; lastKnownFileType = sourcecode.c.h; path = registerfile.h; sourceTree = "<group>"; };
/* End PBXFileReference section */

/* Begin PBXFrameworksBuildPhase section */
		0889F1EC2523F29A002BD229 /* Frameworks */ = {
			isa = PBXFrameworksBuildPhase;
			buildActionMask = 2147483647;
			files = (
			);
			runOnlyForDeploymentPostprocessing = 0;
		};
/* End PBXFrameworksBuildPhase section */

/* Begin PBXGroup section */
		0889F1E62523F29A002BD229 = {
			isa = PBXGroup;
			children = (
				0889F1F12523F29A002BD229 /* CSCI 463 Assignment 3 */,
				0889F1F02523F29A002BD229 /* Products */,
			);
			sourceTree = "<group>";
		};
		0889F1F02523F29A002BD229 /* Products */ = {
			isa = PBXGroup;
			children = (
				0889F1EF2523F29A002BD229 /* CSCI 463 Assignment 3 */,
			);
			name = Products;
			sourceTree = "<group>";
		};
		0889F1F12523F29A002BD229 /* CSCI 463 Assignment 3 */ = {
			isa = PBXGroup;
			children = (
				0889F1F22523F29A002BD229 /* main.cpp */,
				0889F1FA2523F4F5002BD229 /* hex.cpp */,
				0889F1F92523F472002BD229 /* hex.h */,
				0889F1FC2523F513002BD229 /* memory.cpp */,
				0889F1FD2523F513002BD229 /* memory.h */,
				0873D602253F943500087746 /* rv32i.cpp */,
				0873D603253F943500087746 /* rv32i.h */,
				08A38A8925566C1400C941EE /* registerfile.cpp */,
				08A38A8A25566C1400C941EE /* registerfile.h */,
			);
			path = "CSCI 463 Assignment 3";
			sourceTree = "<group>";
		};
/* End PBXGroup section */

/* Begin PBXNativeTarget section */
		0889F1EE2523F29A002BD229 /* CSCI 463 Assignment 3 */ = {
			isa = PBXNativeTarget;
			buildConfigurationList = 0889F1F62523F29A002BD229 /* Build configuration list for PBXNativeTarget "CSCI 463 Assignment 3" */;
			buildPhases = (
				0889F1EB2523F29A002BD229 /* Sources */,
				0889F1EC2523F29A002BD229 /* Frameworks */,
				0889F1ED2523F29A002BD229 /* CopyFiles */,
			);
			buildRules = (
			);
			dependencies = (
			);
			name = "CSCI 463 Assignment 3";
			productName = "CSCI 463 Assignment 3";
			productReference = 0889F1EF2523F29A002BD229 /* CSCI 463 Assignment 3 */;
			productType = "com.apple.product-type.tool";
		};
/* End PBXNativeTarget section */

/* Begin PBXProject section */
		0889F1E72523F29A002BD229 /* Project object */ = {
			isa = PBXProject;
			attributes = {
				LastUpgradeCheck = 1000;
				ORGANIZATIONNAME = "Sairamasubash Muppalaneni";
				TargetAttributes = {
					0889F1EE2523F29A002BD229 = {
						CreatedOnToolsVersion = 10.0;
					};
				};
			};
			buildConfigurationList = 0889F1EA2523F29A002BD229 /* Build configuration list for PBXProject "CSCI 463 Assignment 3" */;
			compatibilityVersion = "Xcode 9.3";
			developmentRegion = en;
			hasScannedForEncodings = 0;
			knownRegions = (
				en,
			);
			mainGroup = 0889F1E62523F29A002BD229;
			productRefGroup = 0889F1F02523F29A002BD229 /* Products */;
			projectDirPath = "";
			projectRoot = "";
			targets = (
				0889F1EE2523F29A002BD229 /* CSCI 463 Assignment 3 */,
			);
		};
/* End PBXProject section */

/* Begin PBXSourcesBuildPhase section */
		0889F1EB2523F29A002BD229 /* Sources */ = {
			isa = PBXSourcesBuildPhase;
			buildActionMask = 2147483647;
			files = (
				0873D604253F943500087746 /* rv32i.cpp in Sources */,
				0889F1F32523F29A002BD229 /* main.cpp in Sources */,
				0889F1FB2523F4F5002BD229 /* hex.cpp in Sources */,
				0889F1FE2523F513002BD229 /* memory.cpp in Sources */,
				08A38A8B25566C1400C941EE /* registerfile.cpp in Sources */,
			);
			runOnlyForDeploymentPostprocessing = 0;
		};
/* End PBXSourcesBuildPhase section */

/* Begin XCBuildConfiguration section */
		0889F1F42523F29A002BD229 /* Debug */ = {
			isa = XCBuildConfiguration;
			buildSettings = {
				ALWAYS_SEARCH_USER_PATHS = NO;
				CLANG_ANALYZER_NONNULL = YES;
				CLANG_ANALYZER_NUMBER_OBJECT_CONVERSION = YES_AGGRESSIVE;
				CLANG_CXX_LANGUAGE_STANDARD = "gnu++14";
				CLANG_CXX_LIBRARY = "libc++";
				CLANG_ENABLE_MODULES = YES;
				CLANG_ENABLE_OBJC_ARC = YES;
				CLANG_ENABLE_OBJC_WEAK = YES;
				CLANG_WARN_BLOCK_CAPTURE_AUTORELEASING = YES;
				CLANG_WARN_BOOL_CONVERSION = YES;
				CLANG_WARN_COMMA = YES;
				CLANG_WARN_CONSTANT_CONVERSION = YES;
				CLANG_WARN_DEPRECATED_OBJC_IMPLEMENTATIONS = YES;
				CLANG_WARN_DIRECT_OBJC_ISA_USAGE = YES_ERROR;
				CLANG_WARN_DOCUMENTATION_COMMENTS = YES;
				CLANG_WARN_EMPTY_BODY = YES;
				CLANG_WARN_ENUM_CONVERSION = YES;
				CLANG_WARN_INFINITE_RECURSION = YES;
				CLANG_WARN_INT_CONVERSION = YES;
				CLANG_WARN_NON_LITERAL_NULL_CONVERSION = YES;
				CLANG_WARN_OBJC_IMPLICIT_RETAIN_SELF = YES;
				CLANG_WARN_OBJC_LITERAL_CONVERSION = YES;
				CLANG_WARN_OBJC_ROOT_CLASS = YES_ERROR;
				CLANG_WARN_RANGE_LOOP_ANALYSIS = YES;
				CLANG_WARN_STRICT_PROTOTYPES = YES;
				CLANG_WARN_SUSPICIOUS_MOVE = YES;
				CLANG_WARN_UNGUARDED_AVAILABILITY = YES_AGGRESSIVE;
				CLANG_WARN_UNREACHABLE_CODE = YES;
				CLANG_WARN__DUPLICATE_METHOD_MATCH = YES;
				CODE_SIGN_IDENTITY = "-";
				COPY_PHASE_STRIP = NO;
				DEBUG_INFORMATION_FORMAT = dwarf;
				ENABLE_STRICT_OBJC_MSGSEND = YES;
				ENABLE_TESTABILITY = YES;
				GCC_C_LANGUAGE_STANDARD = gnu11;
				GCC_DYNAMIC_NO_PIC = NO;
				GCC_NO_COMMON_BLOCKS = YES;
				GCC_OPTIMIZATION_LEVEL = 0;
				GCC_PREPROCESSOR_DEFINITIONS = (
					"DEBUG=1",
					"$(inherited)",
				);
				GCC_WARN_64_TO_32_BIT_CONVERSION = YES;
				GCC_WARN_ABOUT_RETURN_TYPE = YES_ERROR;
				GCC_WARN_UNDECLARED_SELECTOR = YES;
				GCC_WARN_UNINITIALIZED_AUTOS = YES_AGGRESSIVE;
				GCC_WARN_UNUSED_FUNCTION = YES;
				GCC_WARN_UNUSED_VARIABLE = YES;
				MACOSX_DEPLOYMENT_TARGET = 10.13;
				MTL_ENABLE_DEBUG_INFO = INCLUDE_SOURCE;
				MTL_FAST_MATH = YES;
				ONLY_ACTIVE_ARCH = YES;
				SDKROOT = macosx;
			};
			name = Debug;
		};
		0889F1F52523F29A002BD229 /* Release */ = {
			isa = XCBuildConfiguration;
			buildSettings = {
				ALWAYS_SEARCH_USER_PATHS = NO;
				CLANG_ANALYZER_NONNULL = YES;
				CLANG_ANALYZER_NUMBER_OBJECT_CONVERSION = YES_AGGRESSIVE;
				CLANG_CXX_LANGUAGE_STANDARD = "gnu++14";
				CLANG_CXX_LIBRARY = "libc++";
				CLANG_ENABLE_MODULES = YES;
				CLANG_ENABLE_OBJC_ARC = YES;
				CLANG_ENABLE_OBJC_WEAK = YES;
				CLANG_WARN_BLOCK_CAPTURE_AUTORELEASING = YES;
				CLANG_WARN_BOOL_CONVERSION = YES;
				CLANG_WARN_COMMA = YES;
				CLANG_WARN_CONSTANT_CONVERSION = YES;
				CLANG_WARN_DEPRECATED_OBJC_IMPLEMENTATIONS = YES;
				CLANG_WARN_DIRECT_OBJC_ISA_USAGE = YES_ERROR;
				CLANG_WARN_DOCUMENTATION_COMMENTS = YES;
				CLANG_WARN_EMPTY_BODY = YES;
				CLANG_WARN_ENUM_CONVERSION = YES;
				CLANG_WARN_INFINITE_RECURSION = YES;
				CLANG_WARN_INT_CONVERSION = YES;
				CLANG_WARN_NON_LITERAL_NULL_CONVERSION = YES;
				CLANG_WARN_OBJC_IMPLICIT_RETAIN_SELF = YES;
				CLANG_WARN_OBJC_LITERAL_CONVERSION = YES;
				CLANG_WARN_OBJC_ROOT_CLASS = YES_ERROR;
				CLANG_WARN_RANGE_LOOP_ANALYSIS = YES;
				CLANG_WARN_STRICT_PROTOTYPES = YES;
				CLANG_WARN_SUSPICIOUS_MOVE = YES;
				CLANG_WARN_UNGUARDED_AVAILABILITY = YES_AGGRESSIVE;
				CLANG_WARN_UNREACHABLE_CODE = YES;
				CLANG_WARN__DUPLICATE_METHOD_MATCH = YES;
				CODE_SIGN_IDENTITY = "-";
				COPY_PHASE_STRIP = NO;
				DEBUG_INFORMATION_FORMAT = "dwarf-with-dsym";
				ENABLE_NS_ASSERTIONS = NO;
				ENABLE_STRICT_OBJC_MSGSEND = YES;
				GCC_C_LANGUAGE_STANDARD = gnu11;
				GCC_NO_COMMON_BLOCKS = YES;
				GCC_WARN_64_TO_32_BIT_CONVERSION = YES;
				GCC_WARN_ABOUT_RETURN_TYPE = YES_ERROR;
				GCC_WARN_UNDECLARED_SELECTOR = YES;
				GCC_WARN_UNINITIALIZED_AUTOS = YES_AGGRESSIVE;
				GCC_WARN_UNUSED_FUNCTION = YES;
				GCC_WARN_UNUSED_VARIABLE = YES;
				MACOSX_DEPLOYMENT_TARGET = 10.13;
				MTL_ENABLE_DEBUG_INFO = NO;
				MTL_FAST_MATH = YES;
				SDKROOT = macosx;
			};
			name = Release;
		};
		0889F1F72523F29A002BD229 /* Debug */ = {
			isa = XCBuildConfiguration;
			buildSettings = {
				CODE_SIGN_STYLE = Automatic;
				PRODUCT_NAME = "$(TARGET_NAME)";
			};
			name = Debug;
		};
		0889F1F82523F29A002BD229 /* Release */ = {
			isa = XCBuildConfiguration;
			buildSettings = {
				CODE_SIGN_STYLE = Automatic;
				PRODUCT_NAME = "$(TARGET_NAME)";
			};
			name = Release;
		};
/* End XCBuildConfiguration section */

/* Begin XCConfigurationList section */
		0889F1EA2523F29A002BD229 /* Build configuration list for PBXProject "CSCI 463 Assignment 3" */ = {
			isa = XCConfigurationList;
			buildConfigurations = (
				0889F1F42523F29A002BD229 /* Debug */,
				0889F1F52523F29A002BD229 /* Release */,
			);
			defaultConfigurationIsVisible = 0;
			defaultConfigurationName = Release;
		};
		0889F1F62523F29A002BD229 /* Build configuration list for PBXNativeTarget "CSCI 463 Assignment 3" */ = {
			isa = XCConfigurationList;
			buildConfigurations = (
				0889F1F72523F29A002BD229 /* Debug */,
				0889F1F82523F29A002BD229 /* Release */,
			);
			defaultConfigurationIsVisible = 0;
			defaultConfigurationName = Release;
		};
/* End XCConfigurationList section */
	};
	rootObject = 0889F1E72523F29A002BD229 /* Project object */;
}
